
Microsoft Visual Studio Solution File, Format Version 12.00
# Visual Studio Version 17
VisualStudioVersion = 17.14.36202.13
MinimumVisualStudioVersion = 10.0.40219.1
Project("{FAE04EC0-301F-11D3-BF4B-00C04F79EFBC}") = "FinnHub.PortfolioManagement.Application", "src\FinnHub.PortfolioManagement.Application\FinnHub.PortfolioManagement.Application.csproj", "{FFA6D086-14E9-088E-60FB-E589A40AAB1D}"
EndProject
Project("{FAE04EC0-301F-11D3-BF4B-00C04F79EFBC}") = "FinnHub.PortfolioManagement.Domain", "src\FinnHub.PortfolioManagement.Domain\FinnHub.PortfolioManagement.Domain.csproj", "{151E6624-6037-8E36-9DA9-4BAEDDE485BE}"
EndProject
Project("{FAE04EC0-301F-11D3-BF4B-00C04F79EFBC}") = "FinnHub.PortfolioManagement.WebApi", "src\FinnHub.PortfolioManagement.WebApi\FinnHub.PortfolioManagement.WebApi.csproj", "{0ADCA41B-D3BD-245C-4108-8F57C1D59D53}"
EndProject
Project("{2150E333-8FDC-42A3-9474-1A3956D46DE8}") = "1 - Presentation", "1 - Presentation", "{584CD3BF-6946-42C9-9BA4-230E8C604497}"
EndProject
Project("{2150E333-8FDC-42A3-9474-1A3956D46DE8}") = "2 - Application", "2 - Application", "{A7BF1006-95EE-45DB-98E3-70A10CDC4EB2}"
EndProject
Project("{2150E333-8FDC-42A3-9474-1A3956D46DE8}") = "3 - Domain", "3 - Domain", "{D9655C50-1F1F-43DF-8C86-DE470F88B413}"
EndProject
Project("{2150E333-8FDC-42A3-9474-1A3956D46DE8}") = "4 - Infrastructure", "4 - Infrastructure", "{7E3C9E67-D09E-43D7-B88C-1754FB0B3A83}"
EndProject
Project("{FAE04EC0-301F-11D3-BF4B-00C04F79EFBC}") = "FinnHub.PortfolioManagement.Infrastructure.Persistence", "src\FinnHub.PortfolioManagement.Infrastructure.Persistence\FinnHub.PortfolioManagement.Infrastructure.Persistence.csproj", "{75BC1C2A-8540-59B4-9914-BD26826AEF3D}"
EndProject
Project("{FAE04EC0-301F-11D3-BF4B-00C04F79EFBC}") = "FinnHub.PortfolioManagement.Infrastructure.Caching", "src\FinnHub.PortfolioManagement.Infrastructure.Caching\FinnHub.PortfolioManagement.Infrastructure.Caching.csproj", "{2B0EF4FC-8CC3-48C2-915C-423600880FFE}"
EndProject
Project("{2150E333-8FDC-42A3-9474-1A3956D46DE8}") = "6 - Tests", "6 - Tests", "{02EA681E-C7D8-13C7-8484-4AC65E1B71E8}"
EndProject
Project("{FAE04EC0-301F-11D3-BF4B-00C04F79EFBC}") = "FinnHub.PortfolioManagement.Infrastructure.Messaging", "src\FinnHub.PortfolioManagement.Infrastructure.Messaging\FinnHub.PortfolioManagement.Infrastructure.Messaging.csproj", "{293F46C4-901E-4307-A52B-D2DE595B1333}"
EndProject
Project("{FAE04EC0-301F-11D3-BF4B-00C04F79EFBC}") = "FinnHub.PortfolioManagement.Infrastructure.Authentication", "src\FinnHub.PortfolioManagement.Infrastructure.Authentication\FinnHub.PortfolioManagement.Infrastructure.Authentication.csproj", "{6C7860BA-35E4-4A7C-AC46-85E07AEFED63}"
EndProject
Project("{FAE04EC0-301F-11D3-BF4B-00C04F79EFBC}") = "FinnHub.PortfolioManagement.Infrastructure.Telemetry", "src\FinnHub.PortfolioManagement.Infrastructure.Telemetry\FinnHub.PortfolioManagement.Infrastructure.Telemetry.csproj", "{CF5A1104-77D3-9D4E-0229-9B4FB855494B}"
EndProject
Project("{FAE04EC0-301F-11D3-BF4B-00C04F79EFBC}") = "FinnHub.PortfolioManagement.Infrastructure.Integrations", "src\FinnHub.PortfolioManagement.Infrastructure.Integrations\FinnHub.PortfolioManagement.Infrastructure.Integrations.csproj", "{1B40B0E0-4179-4441-8D88-E6F9F315EB39}"
EndProject
Project("{2150E333-8FDC-42A3-9474-1A3956D46DE8}") = "5 - Workers", "5 - Workers", "{7F3E43F1-A20B-4AE8-B197-32A3A2FC2730}"
EndProject
Project("{FAE04EC0-301F-11D3-BF4B-00C04F79EFBC}") = "FinnHub.PortfolioManagement.Worker.OutboxPublisher", "src\FinnHub.PortfolioManagement.Worker.OutboxPublisher\FinnHub.PortfolioManagement.Worker.OutboxPublisher.csproj", "{81C12C03-581F-466E-884C-736B28D344A0}"
EndProject
Project("{FAE04EC0-301F-11D3-BF4B-00C04F79EFBC}") = "FinnHub.PortfolioManagement.FunctionalTests", "test\FinnHub.PortfolioManagement.FunctionalTests\FinnHub.PortfolioManagement.FunctionalTests.csproj", "{3EA9C63E-5CEF-D2DB-7698-921856813973}"
EndProject
Project("{FAE04EC0-301F-11D3-BF4B-00C04F79EFBC}") = "FinnHub.PortfolioManagement.IntegrationTests", "test\FinnHub.PortfolioManagement.IntegrationTests\FinnHub.PortfolioManagement.IntegrationTests.csproj", "{5EFF559A-1B0D-9ED4-B56B-227DA460F7EB}"
EndProject
Project("{FAE04EC0-301F-11D3-BF4B-00C04F79EFBC}") = "FinnHub.PortfolioManagement.UnitTests", "test\FinnHub.PortfolioManagement.UnitTests\FinnHub.PortfolioManagement.UnitTests.csproj", "{C9B4A81F-F429-7EBF-E812-D2FC05D54335}"
EndProject
Global
	GlobalSection(SolutionConfigurationPlatforms) = preSolution
		Debug|Any CPU = Debug|Any CPU
		Release|Any CPU = Release|Any CPU
	EndGlobalSection
	GlobalSection(ProjectConfigurationPlatforms) = postSolution
		{FFA6D086-14E9-088E-60FB-E589A40AAB1D}.Debug|Any CPU.ActiveCfg = Debug|Any CPU
		{FFA6D086-14E9-088E-60FB-E589A40AAB1D}.Debug|Any CPU.Build.0 = Debug|Any CPU
		{FFA6D086-14E9-088E-60FB-E589A40AAB1D}.Release|Any CPU.ActiveCfg = Release|Any CPU
		{FFA6D086-14E9-088E-60FB-E589A40AAB1D}.Release|Any CPU.Build.0 = Release|Any CPU
		{151E6624-6037-8E36-9DA9-4BAEDDE485BE}.Debug|Any CPU.ActiveCfg = Debug|Any CPU
		{151E6624-6037-8E36-9DA9-4BAEDDE485BE}.Debug|Any CPU.Build.0 = Debug|Any CPU
		{151E6624-6037-8E36-9DA9-4BAEDDE485BE}.Release|Any CPU.ActiveCfg = Release|Any CPU
		{151E6624-6037-8E36-9DA9-4BAEDDE485BE}.Release|Any CPU.Build.0 = Release|Any CPU
		{0ADCA41B-D3BD-245C-4108-8F57C1D59D53}.Debug|Any CPU.ActiveCfg = Debug|Any CPU
		{0ADCA41B-D3BD-245C-4108-8F57C1D59D53}.Debug|Any CPU.Build.0 = Debug|Any CPU
		{0ADCA41B-D3BD-245C-4108-8F57C1D59D53}.Release|Any CPU.ActiveCfg = Release|Any CPU
		{0ADCA41B-D3BD-245C-4108-8F57C1D59D53}.Release|Any CPU.Build.0 = Release|Any CPU
		{75BC1C2A-8540-59B4-9914-BD26826AEF3D}.Debug|Any CPU.ActiveCfg = Debug|Any CPU
		{75BC1C2A-8540-59B4-9914-BD26826AEF3D}.Debug|Any CPU.Build.0 = Debug|Any CPU
		{75BC1C2A-8540-59B4-9914-BD26826AEF3D}.Release|Any CPU.ActiveCfg = Release|Any CPU
		{75BC1C2A-8540-59B4-9914-BD26826AEF3D}.Release|Any CPU.Build.0 = Release|Any CPU
		{2B0EF4FC-8CC3-48C2-915C-423600880FFE}.Debug|Any CPU.ActiveCfg = Debug|Any CPU
		{2B0EF4FC-8CC3-48C2-915C-423600880FFE}.Debug|Any CPU.Build.0 = Debug|Any CPU
		{2B0EF4FC-8CC3-48C2-915C-423600880FFE}.Release|Any CPU.ActiveCfg = Release|Any CPU
		{2B0EF4FC-8CC3-48C2-915C-423600880FFE}.Release|Any CPU.Build.0 = Release|Any CPU
		{293F46C4-901E-4307-A52B-D2DE595B1333}.Debug|Any CPU.ActiveCfg = Debug|Any CPU
		{293F46C4-901E-4307-A52B-D2DE595B1333}.Debug|Any CPU.Build.0 = Debug|Any CPU
		{293F46C4-901E-4307-A52B-D2DE595B1333}.Release|Any CPU.ActiveCfg = Release|Any CPU
		{293F46C4-901E-4307-A52B-D2DE595B1333}.Release|Any CPU.Build.0 = Release|Any CPU
		{6C7860BA-35E4-4A7C-AC46-85E07AEFED63}.Debug|Any CPU.ActiveCfg = Debug|Any CPU
		{6C7860BA-35E4-4A7C-AC46-85E07AEFED63}.Debug|Any CPU.Build.0 = Debug|Any CPU
		{6C7860BA-35E4-4A7C-AC46-85E07AEFED63}.Release|Any CPU.ActiveCfg = Release|Any CPU
		{6C7860BA-35E4-4A7C-AC46-85E07AEFED63}.Release|Any CPU.Build.0 = Release|Any CPU
		{CF5A1104-77D3-9D4E-0229-9B4FB855494B}.Debug|Any CPU.ActiveCfg = Debug|Any CPU
		{CF5A1104-77D3-9D4E-0229-9B4FB855494B}.Debug|Any CPU.Build.0 = Debug|Any CPU
		{CF5A1104-77D3-9D4E-0229-9B4FB855494B}.Release|Any CPU.ActiveCfg = Release|Any CPU
		{CF5A1104-77D3-9D4E-0229-9B4FB855494B}.Release|Any CPU.Build.0 = Release|Any CPU
		{1B40B0E0-4179-4441-8D88-E6F9F315EB39}.Debug|Any CPU.ActiveCfg = Debug|Any CPU
		{1B40B0E0-4179-4441-8D88-E6F9F315EB39}.Debug|Any CPU.Build.0 = Debug|Any CPU
		{1B40B0E0-4179-4441-8D88-E6F9F315EB39}.Release|Any CPU.ActiveCfg = Release|Any CPU
		{1B40B0E0-4179-4441-8D88-E6F9F315EB39}.Release|Any CPU.Build.0 = Release|Any CPU
		{81C12C03-581F-466E-884C-736B28D344A0}.Debug|Any CPU.ActiveCfg = Debug|Any CPU
		{81C12C03-581F-466E-884C-736B28D344A0}.Debug|Any CPU.Build.0 = Debug|Any CPU
		{81C12C03-581F-466E-884C-736B28D344A0}.Release|Any CPU.ActiveCfg = Release|Any CPU
		{81C12C03-581F-466E-884C-736B28D344A0}.Release|Any CPU.Build.0 = Release|Any CPU
		{3EA9C63E-5CEF-D2DB-7698-921856813973}.Debug|Any CPU.ActiveCfg = Debug|Any CPU
		{3EA9C63E-5CEF-D2DB-7698-921856813973}.Debug|Any CPU.Build.0 = Debug|Any CPU
		{3EA9C63E-5CEF-D2DB-7698-921856813973}.Release|Any CPU.ActiveCfg = Release|Any CPU
		{3EA9C63E-5CEF-D2DB-7698-921856813973}.Release|Any CPU.Build.0 = Release|Any CPU
		{5EFF559A-1B0D-9ED4-B56B-227DA460F7EB}.Debug|Any CPU.ActiveCfg = Debug|Any CPU
		{5EFF559A-1B0D-9ED4-B56B-227DA460F7EB}.Debug|Any CPU.Build.0 = Debug|Any CPU
		{5EFF559A-1B0D-9ED4-B56B-227DA460F7EB}.Release|Any CPU.ActiveCfg = Release|Any CPU
		{5EFF559A-1B0D-9ED4-B56B-227DA460F7EB}.Release|Any CPU.Build.0 = Release|Any CPU
		{C9B4A81F-F429-7EBF-E812-D2FC05D54335}.Debug|Any CPU.ActiveCfg = Debug|Any CPU
		{C9B4A81F-F429-7EBF-E812-D2FC05D54335}.Debug|Any CPU.Build.0 = Debug|Any CPU
		{C9B4A81F-F429-7EBF-E812-D2FC05D54335}.Release|Any CPU.ActiveCfg = Release|Any CPU
		{C9B4A81F-F429-7EBF-E812-D2FC05D54335}.Release|Any CPU.Build.0 = Release|Any CPU
	EndGlobalSection
	GlobalSection(SolutionProperties) = preSolution
		HideSolutionNode = FALSE
	EndGlobalSection
	GlobalSection(NestedProjects) = preSolution
		{FFA6D086-14E9-088E-60FB-E589A40AAB1D} = {A7BF1006-95EE-45DB-98E3-70A10CDC4EB2}
		{151E6624-6037-8E36-9DA9-4BAEDDE485BE} = {D9655C50-1F1F-43DF-8C86-DE470F88B413}
		{0ADCA41B-D3BD-245C-4108-8F57C1D59D53} = {584CD3BF-6946-42C9-9BA4-230E8C604497}
		{75BC1C2A-8540-59B4-9914-BD26826AEF3D} = {7E3C9E67-D09E-43D7-B88C-1754FB0B3A83}
		{2B0EF4FC-8CC3-48C2-915C-423600880FFE} = {7E3C9E67-D09E-43D7-B88C-1754FB0B3A83}
		{293F46C4-901E-4307-A52B-D2DE595B1333} = {7E3C9E67-D09E-43D7-B88C-1754FB0B3A83}
		{6C7860BA-35E4-4A7C-AC46-85E07AEFED63} = {7E3C9E67-D09E-43D7-B88C-1754FB0B3A83}
		{CF5A1104-77D3-9D4E-0229-9B4FB855494B} = {7E3C9E67-D09E-43D7-B88C-1754FB0B3A83}
		{1B40B0E0-4179-4441-8D88-E6F9F315EB39} = {7E3C9E67-D09E-43D7-B88C-1754FB0B3A83}
		{81C12C03-581F-466E-884C-736B28D344A0} = {7F3E43F1-A20B-4AE8-B197-32A3A2FC2730}
		{3EA9C63E-5CEF-D2DB-7698-921856813973} = {02EA681E-C7D8-13C7-8484-4AC65E1B71E8}
		{5EFF559A-1B0D-9ED4-B56B-227DA460F7EB} = {02EA681E-C7D8-13C7-8484-4AC65E1B71E8}
		{C9B4A81F-F429-7EBF-E812-D2FC05D54335} = {02EA681E-C7D8-13C7-8484-4AC65E1B71E8}
	EndGlobalSection
	GlobalSection(ExtensibilityGlobals) = postSolution
		SolutionGuid = {77EDBFBC-F0EF-4D34-9EC4-AC85A96374D9}
	EndGlobalSection
EndGlobal
